
Microsoft Visual Studio Solution File, Format Version 12.00
# Visual Studio Version 17
VisualStudioVersion = 17.4.33205.214
MinimumVisualStudioVersion = 10.0.40219.1
Project("{2150E333-8FDC-42A3-9474-1A3956D46DE8}") = "Frontend", "Frontend", "{2E656A92-3AEF-4F65-9F51-C7DC5B7380D4}"
EndProject
Project("{2150E333-8FDC-42A3-9474-1A3956D46DE8}") = "Services", "Services", "{3D4C2342-BCBC-4FC8-82A9-FEDE9E1B4D7C}"
EndProject
Project("{2150E333-8FDC-42A3-9474-1A3956D46DE8}") = "Gateway", "Gateway", "{ED33C2BE-7ECB-4FFB-B61B-5730F1EDC758}"
EndProject
Project("{2150E333-8FDC-42A3-9474-1A3956D46DE8}") = "Integration", "Integration", "{3F3A875D-C479-4B73-85D0-B317FB2BD428}"
EndProject
Project("{9A19103F-16F7-4668-BE54-9A1E7A4F7556}") = "Services.CouponAPI", "Services.CouponAPI\Services.CouponAPI.csproj", "{967655F2-AE7C-4D0F-956A-A1B86CBE9853}"
EndProject
Project("{9A19103F-16F7-4668-BE54-9A1E7A4F7556}") = "Frontend.WebUI", "Frontend.WebUI\Frontend.WebUI.csproj", "{1334FF00-5B2A-4351-AEF3-5494349D9FBA}"
EndProject
Project("{9A19103F-16F7-4668-BE54-9A1E7A4F7556}") = "Services.AuthAPI", "Services.AuthAPI\Services.AuthAPI.csproj", "{2CCD6392-6F77-425D-9710-4EE5E2220503}"
EndProject
Project("{9A19103F-16F7-4668-BE54-9A1E7A4F7556}") = "Services.ProductAPI", "Services.ProductAPI\Services.ProductAPI.csproj", "{713F9574-0584-4CE7-BEA1-7EE612EC3260}"
EndProject
Project("{9A19103F-16F7-4668-BE54-9A1E7A4F7556}") = "Services.ShoppingCartAPI", "Services.ShoppingCartAPI\Services.ShoppingCartAPI.csproj", "{CF89D4F1-8085-4E4A-82F2-5CE5A56B08AB}"
EndProject
Project("{9A19103F-16F7-4668-BE54-9A1E7A4F7556}") = "Integration.MessageBus", "Integration.MessageBus\Integration.MessageBus.csproj", "{C4A13588-76FB-4773-9537-BC65E82CAE8C}"
EndProject
Project("{FAE04EC0-301F-11D3-BF4B-00C04F79EFBC}") = "Services.EmailAPI", "Services.EmailAPI\Services.EmailAPI.csproj", "{00D256AE-2DF7-4812-AF84-24EE383FE309}"
EndProject
Project("{9A19103F-16F7-4668-BE54-9A1E7A4F7556}") = "Services.OrderAPI", "Services.OrderAPI\Services.OrderAPI.csproj", "{760FC055-89CF-4A31-A3E6-AE8C9175EDDB}"
EndProject
Project("{FAE04EC0-301F-11D3-BF4B-00C04F79EFBC}") = "Services.TopicSubscriptionAPI", "Services.TopicSubscriptionAPI\Services.TopicSubscriptionAPI.csproj", "{46E99DFD-140A-471E-8359-3F4854F33F9E}"
EndProject
Global
	GlobalSection(SolutionConfigurationPlatforms) = preSolution
		Debug|Any CPU = Debug|Any CPU
		Release|Any CPU = Release|Any CPU
	EndGlobalSection
	GlobalSection(ProjectConfigurationPlatforms) = postSolution
		{967655F2-AE7C-4D0F-956A-A1B86CBE9853}.Debug|Any CPU.ActiveCfg = Debug|Any CPU
		{967655F2-AE7C-4D0F-956A-A1B86CBE9853}.Debug|Any CPU.Build.0 = Debug|Any CPU
		{967655F2-AE7C-4D0F-956A-A1B86CBE9853}.Release|Any CPU.ActiveCfg = Release|Any CPU
		{967655F2-AE7C-4D0F-956A-A1B86CBE9853}.Release|Any CPU.Build.0 = Release|Any CPU
		{1334FF00-5B2A-4351-AEF3-5494349D9FBA}.Debug|Any CPU.ActiveCfg = Debug|Any CPU
		{1334FF00-5B2A-4351-AEF3-5494349D9FBA}.Debug|Any CPU.Build.0 = Debug|Any CPU
		{1334FF00-5B2A-4351-AEF3-5494349D9FBA}.Release|Any CPU.ActiveCfg = Release|Any CPU
		{1334FF00-5B2A-4351-AEF3-5494349D9FBA}.Release|Any CPU.Build.0 = Release|Any CPU
		{2CCD6392-6F77-425D-9710-4EE5E2220503}.Debug|Any CPU.ActiveCfg = Debug|Any CPU
		{2CCD6392-6F77-425D-9710-4EE5E2220503}.Debug|Any CPU.Build.0 = Debug|Any CPU
		{2CCD6392-6F77-425D-9710-4EE5E2220503}.Release|Any CPU.ActiveCfg = Release|Any CPU
		{2CCD6392-6F77-425D-9710-4EE5E2220503}.Release|Any CPU.Build.0 = Release|Any CPU
		{713F9574-0584-4CE7-BEA1-7EE612EC3260}.Debug|Any CPU.ActiveCfg = Debug|Any CPU
		{713F9574-0584-4CE7-BEA1-7EE612EC3260}.Debug|Any CPU.Build.0 = Debug|Any CPU
		{713F9574-0584-4CE7-BEA1-7EE612EC3260}.Release|Any CPU.ActiveCfg = Release|Any CPU
		{713F9574-0584-4CE7-BEA1-7EE612EC3260}.Release|Any CPU.Build.0 = Release|Any CPU
		{CF89D4F1-8085-4E4A-82F2-5CE5A56B08AB}.Debug|Any CPU.ActiveCfg = Debug|Any CPU
		{CF89D4F1-8085-4E4A-82F2-5CE5A56B08AB}.Debug|Any CPU.Build.0 = Debug|Any CPU
		{CF89D4F1-8085-4E4A-82F2-5CE5A56B08AB}.Release|Any CPU.ActiveCfg = Release|Any CPU
		{CF89D4F1-8085-4E4A-82F2-5CE5A56B08AB}.Release|Any CPU.Build.0 = Release|Any CPU
		{C4A13588-76FB-4773-9537-BC65E82CAE8C}.Debug|Any CPU.ActiveCfg = Debug|Any CPU
		{C4A13588-76FB-4773-9537-BC65E82CAE8C}.Debug|Any CPU.Build.0 = Debug|Any CPU
		{C4A13588-76FB-4773-9537-BC65E82CAE8C}.Release|Any CPU.ActiveCfg = Release|Any CPU
		{C4A13588-76FB-4773-9537-BC65E82CAE8C}.Release|Any CPU.Build.0 = Release|Any CPU
		{00D256AE-2DF7-4812-AF84-24EE383FE309}.Debug|Any CPU.ActiveCfg = Debug|Any CPU
		{00D256AE-2DF7-4812-AF84-24EE383FE309}.Debug|Any CPU.Build.0 = Debug|Any CPU
		{00D256AE-2DF7-4812-AF84-24EE383FE309}.Release|Any CPU.ActiveCfg = Release|Any CPU
		{00D256AE-2DF7-4812-AF84-24EE383FE309}.Release|Any CPU.Build.0 = Release|Any CPU
		{760FC055-89CF-4A31-A3E6-AE8C9175EDDB}.Debug|Any CPU.ActiveCfg = Debug|Any CPU
		{760FC055-89CF-4A31-A3E6-AE8C9175EDDB}.Debug|Any CPU.Build.0 = Debug|Any CPU
		{760FC055-89CF-4A31-A3E6-AE8C9175EDDB}.Release|Any CPU.ActiveCfg = Release|Any CPU
		{760FC055-89CF-4A31-A3E6-AE8C9175EDDB}.Release|Any CPU.Build.0 = Release|Any CPU
		{46E99DFD-140A-471E-8359-3F4854F33F9E}.Debug|Any CPU.ActiveCfg = Debug|Any CPU
		{46E99DFD-140A-471E-8359-3F4854F33F9E}.Debug|Any CPU.Build.0 = Debug|Any CPU
		{46E99DFD-140A-471E-8359-3F4854F33F9E}.Release|Any CPU.ActiveCfg = Release|Any CPU
		{46E99DFD-140A-471E-8359-3F4854F33F9E}.Release|Any CPU.Build.0 = Release|Any CPU
	EndGlobalSection
	GlobalSection(SolutionProperties) = preSolution
		HideSolutionNode = FALSE
	EndGlobalSection
	GlobalSection(NestedProjects) = preSolution
		{967655F2-AE7C-4D0F-956A-A1B86CBE9853} = {3D4C2342-BCBC-4FC8-82A9-FEDE9E1B4D7C}
		{1334FF00-5B2A-4351-AEF3-5494349D9FBA} = {2E656A92-3AEF-4F65-9F51-C7DC5B7380D4}
		{2CCD6392-6F77-425D-9710-4EE5E2220503} = {3D4C2342-BCBC-4FC8-82A9-FEDE9E1B4D7C}
		{713F9574-0584-4CE7-BEA1-7EE612EC3260} = {3D4C2342-BCBC-4FC8-82A9-FEDE9E1B4D7C}
		{CF89D4F1-8085-4E4A-82F2-5CE5A56B08AB} = {3D4C2342-BCBC-4FC8-82A9-FEDE9E1B4D7C}
		{C4A13588-76FB-4773-9537-BC65E82CAE8C} = {3F3A875D-C479-4B73-85D0-B317FB2BD428}
		{00D256AE-2DF7-4812-AF84-24EE383FE309} = {3D4C2342-BCBC-4FC8-82A9-FEDE9E1B4D7C}
		{760FC055-89CF-4A31-A3E6-AE8C9175EDDB} = {3D4C2342-BCBC-4FC8-82A9-FEDE9E1B4D7C}
		{46E99DFD-140A-471E-8359-3F4854F33F9E} = {3D4C2342-BCBC-4FC8-82A9-FEDE9E1B4D7C}
	EndGlobalSection
	GlobalSection(ExtensibilityGlobals) = postSolution
		SolutionGuid = {72C9A97F-50AB-4DCA-9911-42F1AA2C1D08}
	EndGlobalSection
EndGlobal
